// !$*UTF8*$!
{
	archiveVersion = 1;
	classes = {
	};
	objectVersion = 56;
	objects = {

/* Begin PBXBuildFile section */
		AA000001 /* SpendTrackerApp.swift in Sources */ = {isa = PBXBuildFile; fileRef = BA000001; };
		AA000002 /* URLSchemeHandler.swift in Sources */ = {isa = PBXBuildFile; fileRef = BA000002; };
		AA000003 /* ContentView.swift in Sources */ = {isa = PBXBuildFile; fileRef = BA000003; };
		AA000004 /* Transaction.swift in Sources */ = {isa = PBXBuildFile; fileRef = BA000004; };
		AA000005 /* MonthlyReport.swift in Sources */ = {isa = PBXBuildFile; fileRef = BA000005; };
		AA000006 /* SMSParserService.swift in Sources */ = {isa = PBXBuildFile; fileRef = BA000006; };
		AA000007 /* SMSReaderService.swift in Sources */ = {isa = PBXBuildFile; fileRef = BA000007; };
		AA000008 /* CategoryService.swift in Sources */ = {isa = PBXBuildFile; fileRef = BA000008; };
		AA000009 /* PersistenceService.swift in Sources */ = {isa = PBXBuildFile; fileRef = BA000009; };
		AA000010 /* NotificationService.swift in Sources */ = {isa = PBXBuildFile; fileRef = BA000010; };
		AA000011 /* DashboardView.swift in Sources */ = {isa = PBXBuildFile; fileRef = BA000011; };
		AA000012 /* TransactionsListView.swift in Sources */ = {isa = PBXBuildFile; fileRef = BA000012; };
		AA000013 /* AddEditTransactionView.swift in Sources */ = {isa = PBXBuildFile; fileRef = BA000013; };
		AA000014 /* ChartsView.swift in Sources */ = {isa = PBXBuildFile; fileRef = BA000014; };
		AA000015 /* ReportsView.swift in Sources */ = {isa = PBXBuildFile; fileRef = BA000015; };
		AA000016 /* SettingsView.swift in Sources */ = {isa = PBXBuildFile; fileRef = BA000016; };
		AA000017 /* Extensions.swift in Sources */ = {isa = PBXBuildFile; fileRef = BA000017; };
		AA000018 /* GmailService.swift in Sources */ = {isa = PBXBuildFile; fileRef = BA000018; };
		AA000019 /* EmailParserService.swift in Sources */ = {isa = PBXBuildFile; fileRef = BA000019; };
		AA000020 /* GmailView.swift in Sources */ = {isa = PBXBuildFile; fileRef = BA000020; };
		AA000021 /* CreditCardView.swift in Sources */ = {isa = PBXBuildFile; fileRef = BA000021; };
		AA000022 /* CCBillService.swift in Sources */ = {isa = PBXBuildFile; fileRef = BA000022; };
		AA000024 /* FirestoreService.swift in Sources */ = {isa = PBXBuildFile; fileRef = BA000024; };


/* Begin PBXFileReference section */
		BA000001 /* SpendTrackerApp.swift */    = {isa = PBXFileReference; lastKnownFileType = sourcecode.swift; path = SpendTrackerApp.swift; sourceTree = "<group>"; };
		BA000002 /* URLSchemeHandler.swift */   = {isa = PBXFileReference; lastKnownFileType = sourcecode.swift; path = URLSchemeHandler.swift; sourceTree = "<group>"; };
		BA000003 /* ContentView.swift */        = {isa = PBXFileReference; lastKnownFileType = sourcecode.swift; path = ContentView.swift; sourceTree = "<group>"; };
		BA000004 /* Transaction.swift */        = {isa = PBXFileReference; lastKnownFileType = sourcecode.swift; path = Transaction.swift; sourceTree = "<group>"; };
		BA000005 /* MonthlyReport.swift */      = {isa = PBXFileReference; lastKnownFileType = sourcecode.swift; path = MonthlyReport.swift; sourceTree = "<group>"; };
		BA000006 /* SMSParserService.swift */   = {isa = PBXFileReference; lastKnownFileType = sourcecode.swift; path = SMSParserService.swift; sourceTree = "<group>"; };
		BA000007 /* SMSReaderService.swift */   = {isa = PBXFileReference; lastKnownFileType = sourcecode.swift; path = SMSReaderService.swift; sourceTree = "<group>"; };
		BA000008 /* CategoryService.swift */    = {isa = PBXFileReference; lastKnownFileType = sourcecode.swift; path = CategoryService.swift; sourceTree = "<group>"; };
		BA000009 /* PersistenceService.swift */ = {isa = PBXFileReference; lastKnownFileType = sourcecode.swift; path = PersistenceService.swift; sourceTree = "<group>"; };
		BA000010 /* NotificationService.swift */= {isa = PBXFileReference; lastKnownFileType = sourcecode.swift; path = NotificationService.swift; sourceTree = "<group>"; };
		BA000011 /* DashboardView.swift */      = {isa = PBXFileReference; lastKnownFileType = sourcecode.swift; path = DashboardView.swift; sourceTree = "<group>"; };
		BA000012 /* TransactionsListView.swift */= {isa = PBXFileReference; lastKnownFileType = sourcecode.swift; path = TransactionsListView.swift; sourceTree = "<group>"; };
		BA000013 /* AddEditTransactionView.swift */= {isa = PBXFileReference; lastKnownFileType = sourcecode.swift; path = AddEditTransactionView.swift; sourceTree = "<group>"; };
		BA000014 /* ChartsView.swift */         = {isa = PBXFileReference; lastKnownFileType = sourcecode.swift; path = ChartsView.swift; sourceTree = "<group>"; };
		BA000015 /* ReportsView.swift */        = {isa = PBXFileReference; lastKnownFileType = sourcecode.swift; path = ReportsView.swift; sourceTree = "<group>"; };
		BA000016 /* SettingsView.swift */       = {isa = PBXFileReference; lastKnownFileType = sourcecode.swift; path = SettingsView.swift; sourceTree = "<group>"; };
		BA000017 /* Extensions.swift */         = {isa = PBXFileReference; lastKnownFileType = sourcecode.swift; path = Extensions.swift; sourceTree = "<group>"; };
		BA000018 /* GmailService.swift */        = {isa = PBXFileReference; lastKnownFileType = sourcecode.swift; path = GmailService.swift; sourceTree = "<group>"; };
		BA000019 /* EmailParserService.swift */  = {isa = PBXFileReference; lastKnownFileType = sourcecode.swift; path = EmailParserService.swift; sourceTree = "<group>"; };
		BA000020 /* GmailView.swift */           = {isa = PBXFileReference; lastKnownFileType = sourcecode.swift; path = GmailView.swift; sourceTree = "<group>"; };
		BA000021 /* CreditCardView.swift */      = {isa = PBXFileReference; lastKnownFileType = sourcecode.swift; path = CreditCardView.swift; sourceTree = "<group>"; };
		BA000022 /* CCBillService.swift */        = {isa = PBXFileReference; lastKnownFileType = sourcecode.swift; path = CCBillService.swift; sourceTree = "<group>"; };
		BA000024 /* FirestoreService.swift */     = {isa = PBXFileReference; lastKnownFileType = sourcecode.swift; path = FirestoreService.swift; sourceTree = "<group>"; };
		BA000099 /* SpendTracker.app */         = {isa = PBXFileReference; explicitFileType = wrapper.application; includeInIndex = 0; path = SpendTracker.app; sourceTree = BUILT_PRODUCTS_DIR; };
		BA000100 /* Info.plist */               = {isa = PBXFileReference; lastKnownFileType = text.plist.xml; path = Info.plist; sourceTree = "<group>"; };
		BA000101 /* SpendTracker.entitlements */= {isa = PBXFileReference; lastKnownFileType = text.plist.entitlements; path = SpendTracker.entitlements; sourceTree = "<group>"; };
/* End PBXFileReference section */

/* Begin PBXGroup section */
		MAINGROUP = {
			isa = PBXGroup;
			children = (
				SOURCESGROUP,
				PRODUCTSGROUP,
			);
			sourceTree = "<group>";
		};
		PRODUCTSGROUP = {
			isa = PBXGroup;
			children = (
				BA000099,
			);
			name = Products;
			sourceTree = "<group>";
		};
		SOURCESGROUP = {
			isa = PBXGroup;
			children = (
				APPGROUP,
				MODELSGROUP,
				SERVICESGROUP,
				VIEWSGROUP,
				EXTENSIONSGROUP,
				RESOURCESGROUP,
			);
			path = SpendTracker;
			sourceTree = "<group>";
		};
		APPGROUP = {
			isa = PBXGroup;
			children = (
				BA000001,
				BA000002,
			);
			name = App;
			path = App;
			sourceTree = "<group>";
		};
		MODELSGROUP = {
			isa = PBXGroup;
			children = (
				BA000004,
				BA000005,
			);
			name = Models;
			path = Models;
			sourceTree = "<group>";
		};
		SERVICESGROUP = {
			isa = PBXGroup;
			children = (
				BA000006,
				BA000007,
				BA000008,
				BA000009,
				BA000010,
				BA000018,
				BA000019,
				BA000022,
				BA000024,
			);
			name = Services;
			path = Services;
			sourceTree = "<group>";
		};
		EMAILGROUP = {
			isa = PBXGroup;
			children = (
				BA000020,
			);
			name = Email;
			path = Email;
			sourceTree = "<group>";
		};
		CREDITCARDGROUP = {
			isa = PBXGroup;
			children = (
				BA000021,
			);
			name = CreditCard;
			path = CreditCard;
			sourceTree = "<group>";
		};
		VIEWSGROUP = {
			isa = PBXGroup;
			children = (
				BA000003,
				DASHBOARDGROUP,
				TRANSACTIONSGROUP,
				CHARTSGROUP,
				CREDITCARDGROUP,
				REPORTSGROUP,
				SETTINGSGROUP,
				EMAILGROUP,
			);
			name = Views;
			path = Views;
			sourceTree = "<group>";
		};
		DASHBOARDGROUP = {
			isa = PBXGroup;
			children = (
				BA000011,
			);
			name = Dashboard;
			path = Dashboard;
			sourceTree = "<group>";
		};
		TRANSACTIONSGROUP = {
			isa = PBXGroup;
			children = (
				BA000012,
				BA000013,
			);
			name = Transactions;
			path = Transactions;
			sourceTree = "<group>";
		};
		CHARTSGROUP = {
			isa = PBXGroup;
			children = (
				BA000014,
			);
			name = Charts;
			path = Charts;
			sourceTree = "<group>";
		};
		REPORTSGROUP = {
			isa = PBXGroup;
			children = (
				BA000015,
			);
			name = Reports;
			path = Reports;
			sourceTree = "<group>";
		};
		SETTINGSGROUP = {
			isa = PBXGroup;
			children = (
				BA000016,
			);
			name = Settings;
			path = Settings;
			sourceTree = "<group>";
		};
		EXTENSIONSGROUP = {
			isa = PBXGroup;
			children = (
				BA000017,
			);
			name = Extensions;
			path = Extensions;
			sourceTree = "<group>";
		};
		RESOURCESGROUP = {
			isa = PBXGroup;
			children = (
				BA000100,
				BA000101,
			);
			name = Resources;
			path = Resources;
			sourceTree = "<group>";
		};
/* End PBXGroup section */

/* Begin PBXNativeTarget section */
		NATIVETARGET = {
			isa = PBXNativeTarget;
			buildConfigurationList = CONFIGLIST;
			buildPhases = (
				SOURCESPHASE,
			);
			buildRules = ();
			dependencies = ();
			name = SpendTracker;
			productName = SpendTracker;
			productReference = BA000099;
			productType = "com.apple.product-type.application";
		};
/* End PBXNativeTarget section */

/* Begin PBXProject section */
		PROJECTOBJ = {
			isa = PBXProject;
			attributes = {
				BuildIndependentTargetsInParallel = 1;
				LastSwiftUpdateCheck = 1540;
				LastUpgradeCheck = 1540;
				TargetAttributes = {
					NATIVETARGET = {
						CreatedOnToolsVersion = 15.4;
					};
				};
			};
			buildConfigurationList = PROJCONFIGLIST;
			compatibilityVersion = "Xcode 14.0";
			developmentRegion = en;
			hasScannedForEncodings = 0;
			knownRegions = (en, Base);
			mainGroup = MAINGROUP;
			productRefGroup = PRODUCTSGROUP;
			projectDirPath = "";
			projectRoot = "";
			targets = (NATIVETARGET);
		};
/* End PBXProject section */

/* Begin PBXResourcesBuildPhase section */
/* End PBXResourcesBuildPhase section */

/* Begin PBXSourcesBuildPhase section */
		SOURCESPHASE = {
			isa = PBXSourcesBuildPhase;
			buildActionMask = 2147483647;
			files = (
				AA000001,
				AA000002,
				AA000003,
				AA000004,
				AA000005,
				AA000006,
				AA000007,
				AA000008,
				AA000009,
				AA000010,
				AA000011,
				AA000012,
				AA000013,
				AA000014,
				AA000015,
				AA000016,
				AA000017,
				AA000018,
				AA000019,
				AA000020,
				AA000021,
				AA000022,
				AA000024,
			);
			runOnlyForDeploymentPostprocessing = 0;
		};
/* End PBXSourcesBuildPhase section */

/* Begin XCBuildConfiguration section */
		DEBUGCONFIG = {
			isa = XCBuildConfiguration;
			buildSettings = {
				ALWAYS_SEARCH_USER_PATHS = NO;
				CLANG_ENABLE_MODULES = YES;
				CLANG_ENABLE_OBJC_ARC = YES;
				CODE_SIGN_STYLE = Automatic;
				DEBUG_INFORMATION_FORMAT = dwarf;
				ENABLE_TESTABILITY = YES;
				GCC_OPTIMIZATION_LEVEL = 0;
				GCC_PREPROCESSOR_DEFINITIONS = ("DEBUG=1", "$(inherited)");
				IPHONEOS_DEPLOYMENT_TARGET = 16.0;
				MTL_FAST_MATH = YES;
				ONLY_ACTIVE_ARCH = YES;
				SDKROOT = iphoneos;
				SWIFT_ACTIVE_COMPILATION_CONDITIONS = DEBUG;
				SWIFT_OPTIMIZATION_LEVEL = "-Onone";
			};
			name = Debug;
		};
		RELEASECONFIG = {
			isa = XCBuildConfiguration;
			buildSettings = {
				ALWAYS_SEARCH_USER_PATHS = NO;
				CLANG_ENABLE_MODULES = YES;
				CLANG_ENABLE_OBJC_ARC = YES;
				CODE_SIGN_STYLE = Automatic;
				COPY_PHASE_STRIP = NO;
				DEBUG_INFORMATION_FORMAT = "dwarf-with-dsym";
				ENABLE_NS_ASSERTIONS = NO;
				IPHONEOS_DEPLOYMENT_TARGET = 16.0;
				MTL_FAST_MATH = YES;
				SDKROOT = iphoneos;
				SWIFT_COMPILATION_MODE = wholemodule;
				SWIFT_OPTIMIZATION_LEVEL = "-O";
				VALIDATE_PRODUCT = YES;
			};
			name = Release;
		};
		TARGETDEBUGCONFIG = {
			isa = XCBuildConfiguration;
			buildSettings = {
				ASSETCATALOG_COMPILER_APPICON_NAME = AppIcon;
				ASSETCATALOG_COMPILER_GLOBAL_ACCENT_COLOR_NAME = AccentColor;
				CODE_SIGN_ENTITLEMENTS = SpendTracker/Resources/SpendTracker.entitlements;
				CODE_SIGN_STYLE = Automatic;
				CURRENT_PROJECT_VERSION = 1;
				DEVELOPMENT_TEAM = "";
				INFOPLIST_FILE = SpendTracker/Resources/Info.plist;
				IPHONEOS_DEPLOYMENT_TARGET = 16.0;
				LD_RUNPATH_SEARCH_PATHS = ("$(inherited)", "@executable_path/Frameworks");
				MARKETING_VERSION = 1.0;
				PRODUCT_BUNDLE_IDENTIFIER = "com.yourname.spendtracker";
				PRODUCT_NAME = "$(TARGET_NAME)";
				SWIFT_EMIT_LOC_STRINGS = YES;
				SWIFT_VERSION = 5.0;
				TARGETED_DEVICE_FAMILY = 1;
			};
			name = Debug;
		};
		TARGETRELEASECONFIG = {
			isa = XCBuildConfiguration;
			buildSettings = {
				ASSETCATALOG_COMPILER_APPICON_NAME = AppIcon;
				ASSETCATALOG_COMPILER_GLOBAL_ACCENT_COLOR_NAME = AccentColor;
				CODE_SIGN_ENTITLEMENTS = SpendTracker/Resources/SpendTracker.entitlements;
				CODE_SIGN_STYLE = Automatic;
				CURRENT_PROJECT_VERSION = 1;
				DEVELOPMENT_TEAM = "";
				INFOPLIST_FILE = SpendTracker/Resources/Info.plist;
				IPHONEOS_DEPLOYMENT_TARGET = 16.0;
				LD_RUNPATH_SEARCH_PATHS = ("$(inherited)", "@executable_path/Frameworks");
				MARKETING_VERSION = 1.0;
				PRODUCT_BUNDLE_IDENTIFIER = "com.yourname.spendtracker";
				PRODUCT_NAME = "$(TARGET_NAME)";
				SWIFT_EMIT_LOC_STRINGS = YES;
				SWIFT_VERSION = 5.0;
				TARGETED_DEVICE_FAMILY = 1;
			};
			name = Release;
		};
/* End XCBuildConfiguration section */

/* Begin XCConfigurationList section */
		PROJCONFIGLIST = {
			isa = XCConfigurationList;
			buildConfigurations = (DEBUGCONFIG, RELEASECONFIG);
			defaultConfigurationIsVisible = 0;
			defaultConfigurationName = Release;
		};
		CONFIGLIST = {
			isa = XCConfigurationList;
			buildConfigurations = (TARGETDEBUGCONFIG, TARGETRELEASECONFIG);
			defaultConfigurationIsVisible = 0;
			defaultConfigurationName = Release;
		};
/* End XCConfigurationList section */
	};
	rootObject = PROJECTOBJ;
}
